{
  "name": "omk-cart-task",
  "lockfileVersion": 3,
  "requires": true,
  "packages": {
    "": {
      "name": "omk-cart-task",
      "dependencies": {
        "@task/money": "file:vendor/money"
      }
    },
    "node_modules/@task/money": {
      "version": "1.0.0",
      "resolved": "file:vendor/money"
    }
  }
}
